
Microsoft Visual Studio Solution File, Format Version 12.00
# Visual Studio Version 16
VisualStudioVersion = 16.0.31729.503
MinimumVisualStudioVersion = 10.0.40219.1
Project("{FAE04EC0-301F-11D3-BF4B-00C04F79EFBC}") = "Model-View", "..\ElectricalElements\Model-View.csproj", "{C178B487-E190-42D8-B3E7-0F75981AE1A2}"
EndProject
Project("{FAE04EC0-301F-11D3-BF4B-00C04F79EFBC}") = "View", "..\LB4\View.csproj", "{312F5C25-B5CC-4762-8BC1-14AF0FAE21A8}"
EndProject
Global
	GlobalSection(SolutionConfigurationPlatforms) = preSolution
		Debug|Any CPU = Debug|Any CPU
		Release|Any CPU = Release|Any CPU
	EndGlobalSection
	GlobalSection(ProjectConfigurationPlatforms) = postSolution
		{C178B487-E190-42D8-B3E7-0F75981AE1A2}.Debug|Any CPU.ActiveCfg = Debug|Any CPU
		{C178B487-E190-42D8-B3E7-0F75981AE1A2}.Release|Any CPU.ActiveCfg = Release|Any CPU
		{C178B487-E190-42D8-B3E7-0F75981AE1A2}.Release|Any CPU.Build.0 = Release|Any CPU
		{312F5C25-B5CC-4762-8BC1-14AF0FAE21A8}.Debug|Any CPU.ActiveCfg = Debug|Any CPU
		{312F5C25-B5CC-4762-8BC1-14AF0FAE21A8}.Debug|Any CPU.Build.0 = Debug|Any CPU
		{312F5C25-B5CC-4762-8BC1-14AF0FAE21A8}.Release|Any CPU.ActiveCfg = Release|Any CPU
		{312F5C25-B5CC-4762-8BC1-14AF0FAE21A8}.Release|Any CPU.Build.0 = Release|Any CPU
	EndGlobalSection
	GlobalSection(SolutionProperties) = preSolution
		HideSolutionNode = FALSE
	EndGlobalSection
	GlobalSection(ExtensibilityGlobals) = postSolution
		SolutionGuid = {BF2DB19A-8706-47EA-8710-639CBD441294}
	EndGlobalSection
EndGlobal
